
Microsoft Visual Studio Solution File, Format Version 12.00
# Visual Studio Version 17
VisualStudioVersion = 17.5.33424.131
MinimumVisualStudioVersion = 10.0.40219.1
Project("{FAE04EC0-301F-11D3-BF4B-00C04F79EFBC}") = "TrainSystem", "TrainSystem\TrainSystem.csproj", "{ABCAE347-31D3-4AE7-BFAE-30A7594AD250}"
EndProject
Project("{9A19103F-16F7-4668-BE54-9A1E7A4F7556}") = "UnitTestingEx1", "..\..\UnitTestingEx1\UnitTestingEx1.csproj", "{F68F8D99-C33C-44E5-A50C-244EBCC29DAA}"
EndProject
Global
	GlobalSection(SolutionConfigurationPlatforms) = preSolution
		Debug|Any CPU = Debug|Any CPU
		Release|Any CPU = Release|Any CPU
	EndGlobalSection
	GlobalSection(ProjectConfigurationPlatforms) = postSolution
		{ABCAE347-31D3-4AE7-BFAE-30A7594AD250}.Debug|Any CPU.ActiveCfg = Debug|Any CPU
		{ABCAE347-31D3-4AE7-BFAE-30A7594AD250}.Debug|Any CPU.Build.0 = Debug|Any CPU
		{ABCAE347-31D3-4AE7-BFAE-30A7594AD250}.Release|Any CPU.ActiveCfg = Release|Any CPU
		{ABCAE347-31D3-4AE7-BFAE-30A7594AD250}.Release|Any CPU.Build.0 = Release|Any CPU
		{F68F8D99-C33C-44E5-A50C-244EBCC29DAA}.Debug|Any CPU.ActiveCfg = Debug|Any CPU
		{F68F8D99-C33C-44E5-A50C-244EBCC29DAA}.Debug|Any CPU.Build.0 = Debug|Any CPU
		{F68F8D99-C33C-44E5-A50C-244EBCC29DAA}.Release|Any CPU.ActiveCfg = Release|Any CPU
		{F68F8D99-C33C-44E5-A50C-244EBCC29DAA}.Release|Any CPU.Build.0 = Release|Any CPU
	EndGlobalSection
	GlobalSection(SolutionProperties) = preSolution
		HideSolutionNode = FALSE
	EndGlobalSection
	GlobalSection(ExtensibilityGlobals) = postSolution
		SolutionGuid = {2660E137-5B54-4350-AD6E-F84744BC95FD}
	EndGlobalSection
EndGlobal
